// !$*UTF8*$!
{
	archiveVersion = 1;
	classes = {
	};
	objectVersion = 50;
	objects = {

/* Begin PBXBuildFile section */
		FACD900D246FFA2A00BBE15E /* AppDelegate.swift in Sources */ = {isa = PBXBuildFile; fileRef = FACD900C246FFA2A00BBE15E /* AppDelegate.swift */; };
		FACD9012246FFA2A00BBE15E /* PodPlayer.xcdatamodeld in Sources */ = {isa = PBXBuildFile; fileRef = FACD9010246FFA2A00BBE15E /* PodPlayer.xcdatamodeld */; };
		FACD9014246FFA2E00BBE15E /* Assets.xcassets in Resources */ = {isa = PBXBuildFile; fileRef = FACD9013246FFA2E00BBE15E /* Assets.xcassets */; };
		FACD9017246FFA2E00BBE15E /* Main.storyboard in Resources */ = {isa = PBXBuildFile; fileRef = FACD9015246FFA2E00BBE15E /* Main.storyboard */; };
		FACD902024701A3C00BBE15E /* PodcastsViewController.swift in Sources */ = {isa = PBXBuildFile; fileRef = FACD901F24701A3C00BBE15E /* PodcastsViewController.swift */; };
		FACD902224701FA400BBE15E /* Parser.swift in Sources */ = {isa = PBXBuildFile; fileRef = FACD902124701FA400BBE15E /* Parser.swift */; };
		FACD90262470226400BBE15E /* shim.swift in Sources */ = {isa = PBXBuildFile; fileRef = FACD90232470226400BBE15E /* shim.swift */; };
		FACD90272470226400BBE15E /* XMLIndexer+XMLIndexerDeserializable.swift in Sources */ = {isa = PBXBuildFile; fileRef = FACD90242470226400BBE15E /* XMLIndexer+XMLIndexerDeserializable.swift */; };
		FACD90282470226400BBE15E /* SWXMLHash.swift in Sources */ = {isa = PBXBuildFile; fileRef = FACD90252470226400BBE15E /* SWXMLHash.swift */; };
		FACD902B24709DB900BBE15E /* EpisodesViewController.swift in Sources */ = {isa = PBXBuildFile; fileRef = FACD902A24709DB900BBE15E /* EpisodesViewController.swift */; };
		FACD902D24709F8200BBE15E /* TheSplitController.swift in Sources */ = {isa = PBXBuildFile; fileRef = FACD902C24709F8200BBE15E /* TheSplitController.swift */; };
		FACD902F2470A6FF00BBE15E /* Episode.swift in Sources */ = {isa = PBXBuildFile; fileRef = FACD902E2470A6FF00BBE15E /* Episode.swift */; };
		FACD90312471444000BBE15E /* EpisodeCell.swift in Sources */ = {isa = PBXBuildFile; fileRef = FACD90302471444000BBE15E /* EpisodeCell.swift */; };
/* End PBXBuildFile section */

/* Begin PBXFileReference section */
		FACD9009246FFA2A00BBE15E /* PodPlayer.app */ = {isa = PBXFileReference; explicitFileType = wrapper.application; includeInIndex = 0; path = PodPlayer.app; sourceTree = BUILT_PRODUCTS_DIR; };
		FACD900C246FFA2A00BBE15E /* AppDelegate.swift */ = {isa = PBXFileReference; lastKnownFileType = sourcecode.swift; path = AppDelegate.swift; sourceTree = "<group>"; };
		FACD9011246FFA2A00BBE15E /* PodPlayer.xcdatamodel */ = {isa = PBXFileReference; lastKnownFileType = wrapper.xcdatamodel; path = PodPlayer.xcdatamodel; sourceTree = "<group>"; };
		FACD9013246FFA2E00BBE15E /* Assets.xcassets */ = {isa = PBXFileReference; lastKnownFileType = folder.assetcatalog; path = Assets.xcassets; sourceTree = "<group>"; };
		FACD9016246FFA2E00BBE15E /* Base */ = {isa = PBXFileReference; lastKnownFileType = file.storyboard; name = Base; path = Base.lproj/Main.storyboard; sourceTree = "<group>"; };
		FACD9018246FFA2E00BBE15E /* Info.plist */ = {isa = PBXFileReference; lastKnownFileType = text.plist.xml; path = Info.plist; sourceTree = "<group>"; };
		FACD9019246FFA2E00BBE15E /* PodPlayer.entitlements */ = {isa = PBXFileReference; lastKnownFileType = text.plist.entitlements; path = PodPlayer.entitlements; sourceTree = "<group>"; };
		FACD901F24701A3C00BBE15E /* PodcastsViewController.swift */ = {isa = PBXFileReference; lastKnownFileType = sourcecode.swift; path = PodcastsViewController.swift; sourceTree = "<group>"; };
		FACD902124701FA400BBE15E /* Parser.swift */ = {isa = PBXFileReference; lastKnownFileType = sourcecode.swift; path = Parser.swift; sourceTree = "<group>"; };
		FACD90232470226400BBE15E /* shim.swift */ = {isa = PBXFileReference; fileEncoding = 4; lastKnownFileType = sourcecode.swift; path = shim.swift; sourceTree = "<group>"; };
		FACD90242470226400BBE15E /* XMLIndexer+XMLIndexerDeserializable.swift */ = {isa = PBXFileReference; fileEncoding = 4; lastKnownFileType = sourcecode.swift; path = "XMLIndexer+XMLIndexerDeserializable.swift"; sourceTree = "<group>"; };
		FACD90252470226400BBE15E /* SWXMLHash.swift */ = {isa = PBXFileReference; fileEncoding = 4; lastKnownFileType = sourcecode.swift; path = SWXMLHash.swift; sourceTree = "<group>"; };
		FACD902A24709DB900BBE15E /* EpisodesViewController.swift */ = {isa = PBXFileReference; lastKnownFileType = sourcecode.swift; path = EpisodesViewController.swift; sourceTree = "<group>"; };
		FACD902C24709F8200BBE15E /* TheSplitController.swift */ = {isa = PBXFileReference; lastKnownFileType = sourcecode.swift; path = TheSplitController.swift; sourceTree = "<group>"; };
		FACD902E2470A6FF00BBE15E /* Episode.swift */ = {isa = PBXFileReference; lastKnownFileType = sourcecode.swift; path = Episode.swift; sourceTree = "<group>"; };
		FACD90302471444000BBE15E /* EpisodeCell.swift */ = {isa = PBXFileReference; lastKnownFileType = sourcecode.swift; path = EpisodeCell.swift; sourceTree = "<group>"; };
/* End PBXFileReference section */

/* Begin PBXFrameworksBuildPhase section */
		FACD9006246FFA2A00BBE15E /* Frameworks */ = {
			isa = PBXFrameworksBuildPhase;
			buildActionMask = 2147483647;
			files = (
			);
			runOnlyForDeploymentPostprocessing = 0;
		};
/* End PBXFrameworksBuildPhase section */

/* Begin PBXGroup section */
		FACD9000246FFA2A00BBE15E = {
			isa = PBXGroup;
			children = (
				FACD900B246FFA2A00BBE15E /* PodPlayer */,
				FACD900A246FFA2A00BBE15E /* Products */,
			);
			sourceTree = "<group>";
		};
		FACD900A246FFA2A00BBE15E /* Products */ = {
			isa = PBXGroup;
			children = (
				FACD9009246FFA2A00BBE15E /* PodPlayer.app */,
			);
			name = Products;
			sourceTree = "<group>";
		};
		FACD900B246FFA2A00BBE15E /* PodPlayer */ = {
			isa = PBXGroup;
			children = (
				FACD902E2470A6FF00BBE15E /* Episode.swift */,
				FACD90302471444000BBE15E /* EpisodeCell.swift */,
				FACD902124701FA400BBE15E /* Parser.swift */,
				FACD900C246FFA2A00BBE15E /* AppDelegate.swift */,
				FACD902C24709F8200BBE15E /* TheSplitController.swift */,
				FACD902A24709DB900BBE15E /* EpisodesViewController.swift */,
				FACD901F24701A3C00BBE15E /* PodcastsViewController.swift */,
				FACD9013246FFA2E00BBE15E /* Assets.xcassets */,
				FACD9015246FFA2E00BBE15E /* Main.storyboard */,
				FACD9018246FFA2E00BBE15E /* Info.plist */,
				FACD9019246FFA2E00BBE15E /* PodPlayer.entitlements */,
				FACD9010246FFA2A00BBE15E /* PodPlayer.xcdatamodeld */,
				FACD90292470227600BBE15E /* SWXMLHash */,
			);
			path = PodPlayer;
			sourceTree = "<group>";
		};
		FACD90292470227600BBE15E /* SWXMLHash */ = {
			isa = PBXGroup;
			children = (
				FACD90232470226400BBE15E /* shim.swift */,
				FACD90252470226400BBE15E /* SWXMLHash.swift */,
				FACD90242470226400BBE15E /* XMLIndexer+XMLIndexerDeserializable.swift */,
			);
			path = SWXMLHash;
			sourceTree = "<group>";
		};
/* End PBXGroup section */

/* Begin PBXNativeTarget section */
		FACD9008246FFA2A00BBE15E /* PodPlayer */ = {
			isa = PBXNativeTarget;
			buildConfigurationList = FACD901C246FFA2E00BBE15E /* Build configuration list for PBXNativeTarget "PodPlayer" */;
			buildPhases = (
				FACD9005246FFA2A00BBE15E /* Sources */,
				FACD9006246FFA2A00BBE15E /* Frameworks */,
				FACD9007246FFA2A00BBE15E /* Resources */,
			);
			buildRules = (
			);
			dependencies = (
			);
			name = PodPlayer;
			productName = PodPlayer;
			productReference = FACD9009246FFA2A00BBE15E /* PodPlayer.app */;
			productType = "com.apple.product-type.application";
		};
/* End PBXNativeTarget section */

/* Begin PBXProject section */
		FACD9001246FFA2A00BBE15E /* Project object */ = {
			isa = PBXProject;
			attributes = {
				LastSwiftUpdateCheck = 1140;
				LastUpgradeCheck = 1140;
				ORGANIZATIONNAME = "Aleksandr Nikiforov";
				TargetAttributes = {
					FACD9008246FFA2A00BBE15E = {
						CreatedOnToolsVersion = 11.4.1;
					};
				};
			};
			buildConfigurationList = FACD9004246FFA2A00BBE15E /* Build configuration list for PBXProject "PodPlayer" */;
			compatibilityVersion = "Xcode 9.3";
			developmentRegion = en;
			hasScannedForEncodings = 0;
			knownRegions = (
				en,
				Base,
			);
			mainGroup = FACD9000246FFA2A00BBE15E;
			productRefGroup = FACD900A246FFA2A00BBE15E /* Products */;
			projectDirPath = "";
			projectRoot = "";
			targets = (
				FACD9008246FFA2A00BBE15E /* PodPlayer */,
			);
		};
/* End PBXProject section */

/* Begin PBXResourcesBuildPhase section */
		FACD9007246FFA2A00BBE15E /* Resources */ = {
			isa = PBXResourcesBuildPhase;
			buildActionMask = 2147483647;
			files = (
				FACD9014246FFA2E00BBE15E /* Assets.xcassets in Resources */,
				FACD9017246FFA2E00BBE15E /* Main.storyboard in Resources */,
			);
			runOnlyForDeploymentPostprocessing = 0;
		};
/* End PBXResourcesBuildPhase section */

/* Begin PBXSourcesBuildPhase section */
		FACD9005246FFA2A00BBE15E /* Sources */ = {
			isa = PBXSourcesBuildPhase;
			buildActionMask = 2147483647;
			files = (
				FACD90262470226400BBE15E /* shim.swift in Sources */,
				FACD90272470226400BBE15E /* XMLIndexer+XMLIndexerDeserializable.swift in Sources */,
				FACD902B24709DB900BBE15E /* EpisodesViewController.swift in Sources */,
				FACD90312471444000BBE15E /* EpisodeCell.swift in Sources */,
				FACD902F2470A6FF00BBE15E /* Episode.swift in Sources */,
				FACD90282470226400BBE15E /* SWXMLHash.swift in Sources */,
				FACD902224701FA400BBE15E /* Parser.swift in Sources */,
				FACD902D24709F8200BBE15E /* TheSplitController.swift in Sources */,
				FACD900D246FFA2A00BBE15E /* AppDelegate.swift in Sources */,
				FACD902024701A3C00BBE15E /* PodcastsViewController.swift in Sources */,
				FACD9012246FFA2A00BBE15E /* PodPlayer.xcdatamodeld in Sources */,
			);
			runOnlyForDeploymentPostprocessing = 0;
		};
/* End PBXSourcesBuildPhase section */

/* Begin PBXVariantGroup section */
		FACD9015246FFA2E00BBE15E /* Main.storyboard */ = {
			isa = PBXVariantGroup;
			children = (
				FACD9016246FFA2E00BBE15E /* Base */,
			);
			name = Main.storyboard;
			sourceTree = "<group>";
		};
/* End PBXVariantGroup section */

/* Begin XCBuildConfiguration section */
		FACD901A246FFA2E00BBE15E /* Debug */ = {
			isa = XCBuildConfiguration;
			buildSettings = {
				ALWAYS_SEARCH_USER_PATHS = NO;
				CLANG_ANALYZER_NONNULL = YES;
				CLANG_ANALYZER_NUMBER_OBJECT_CONVERSION = YES_AGGRESSIVE;
				CLANG_CXX_LANGUAGE_STANDARD = "gnu++14";
				CLANG_CXX_LIBRARY = "libc++";
				CLANG_ENABLE_MODULES = YES;
				CLANG_ENABLE_OBJC_ARC = YES;
				CLANG_ENABLE_OBJC_WEAK = YES;
				CLANG_WARN_BLOCK_CAPTURE_AUTORELEASING = YES;
				CLANG_WARN_BOOL_CONVERSION = YES;
				CLANG_WARN_COMMA = YES;
				CLANG_WARN_CONSTANT_CONVERSION = YES;
				CLANG_WARN_DEPRECATED_OBJC_IMPLEMENTATIONS = YES;
				CLANG_WARN_DIRECT_OBJC_ISA_USAGE = YES_ERROR;
				CLANG_WARN_DOCUMENTATION_COMMENTS = YES;
				CLANG_WARN_EMPTY_BODY = YES;
				CLANG_WARN_ENUM_CONVERSION = YES;
				CLANG_WARN_INFINITE_RECURSION = YES;
				CLANG_WARN_INT_CONVERSION = YES;
				CLANG_WARN_NON_LITERAL_NULL_CONVERSION = YES;
				CLANG_WARN_OBJC_IMPLICIT_RETAIN_SELF = YES;
				CLANG_WARN_OBJC_LITERAL_CONVERSION = YES;
				CLANG_WARN_OBJC_ROOT_CLASS = YES_ERROR;
				CLANG_WARN_RANGE_LOOP_ANALYSIS = YES;
				CLANG_WARN_STRICT_PROTOTYPES = YES;
				CLANG_WARN_SUSPICIOUS_MOVE = YES;
				CLANG_WARN_UNGUARDED_AVAILABILITY = YES_AGGRESSIVE;
				CLANG_WARN_UNREACHABLE_CODE = YES;
				CLANG_WARN__DUPLICATE_METHOD_MATCH = YES;
				COPY_PHASE_STRIP = NO;
				DEBUG_INFORMATION_FORMAT = dwarf;
				ENABLE_STRICT_OBJC_MSGSEND = YES;
				ENABLE_TESTABILITY = YES;
				GCC_C_LANGUAGE_STANDARD = gnu11;
				GCC_DYNAMIC_NO_PIC = NO;
				GCC_NO_COMMON_BLOCKS = YES;
				GCC_OPTIMIZATION_LEVEL = 0;
				GCC_PREPROCESSOR_DEFINITIONS = (
					"DEBUG=1",
					"$(inherited)",
				);
				GCC_WARN_64_TO_32_BIT_CONVERSION = YES;
				GCC_WARN_ABOUT_RETURN_TYPE = YES_ERROR;
				GCC_WARN_UNDECLARED_SELECTOR = YES;
				GCC_WARN_UNINITIALIZED_AUTOS = YES_AGGRESSIVE;
				GCC_WARN_UNUSED_FUNCTION = YES;
				GCC_WARN_UNUSED_VARIABLE = YES;
				MACOSX_DEPLOYMENT_TARGET = 10.15;
				MTL_ENABLE_DEBUG_INFO = INCLUDE_SOURCE;
				MTL_FAST_MATH = YES;
				ONLY_ACTIVE_ARCH = YES;
				SDKROOT = macosx;
				SWIFT_ACTIVE_COMPILATION_CONDITIONS = DEBUG;
				SWIFT_OPTIMIZATION_LEVEL = "-Onone";
			};
			name = Debug;
		};
		FACD901B246FFA2E00BBE15E /* Release */ = {
			isa = XCBuildConfiguration;
			buildSettings = {
				ALWAYS_SEARCH_USER_PATHS = NO;
				CLANG_ANALYZER_NONNULL = YES;
				CLANG_ANALYZER_NUMBER_OBJECT_CONVERSION = YES_AGGRESSIVE;
				CLANG_CXX_LANGUAGE_STANDARD = "gnu++14";
				CLANG_CXX_LIBRARY = "libc++";
				CLANG_ENABLE_MODULES = YES;
				CLANG_ENABLE_OBJC_ARC = YES;
				CLANG_ENABLE_OBJC_WEAK = YES;
				CLANG_WARN_BLOCK_CAPTURE_AUTORELEASING = YES;
				CLANG_WARN_BOOL_CONVERSION = YES;
				CLANG_WARN_COMMA = YES;
				CLANG_WARN_CONSTANT_CONVERSION = YES;
				CLANG_WARN_DEPRECATED_OBJC_IMPLEMENTATIONS = YES;
				CLANG_WARN_DIRECT_OBJC_ISA_USAGE = YES_ERROR;
				CLANG_WARN_DOCUMENTATION_COMMENTS = YES;
				CLANG_WARN_EMPTY_BODY = YES;
				CLANG_WARN_ENUM_CONVERSION = YES;
				CLANG_WARN_INFINITE_RECURSION = YES;
				CLANG_WARN_INT_CONVERSION = YES;
				CLANG_WARN_NON_LITERAL_NULL_CONVERSION = YES;
				CLANG_WARN_OBJC_IMPLICIT_RETAIN_SELF = YES;
				CLANG_WARN_OBJC_LITERAL_CONVERSION = YES;
				CLANG_WARN_OBJC_ROOT_CLASS = YES_ERROR;
				CLANG_WARN_RANGE_LOOP_ANALYSIS = YES;
				CLANG_WARN_STRICT_PROTOTYPES = YES;
				CLANG_WARN_SUSPICIOUS_MOVE = YES;
				CLANG_WARN_UNGUARDED_AVAILABILITY = YES_AGGRESSIVE;
				CLANG_WARN_UNREACHABLE_CODE = YES;
				CLANG_WARN__DUPLICATE_METHOD_MATCH = YES;
				COPY_PHASE_STRIP = NO;
				DEBUG_INFORMATION_FORMAT = "dwarf-with-dsym";
				ENABLE_NS_ASSERTIONS = NO;
				ENABLE_STRICT_OBJC_MSGSEND = YES;
				GCC_C_LANGUAGE_STANDARD = gnu11;
				GCC_NO_COMMON_BLOCKS = YES;
				GCC_WARN_64_TO_32_BIT_CONVERSION = YES;
				GCC_WARN_ABOUT_RETURN_TYPE = YES_ERROR;
				GCC_WARN_UNDECLARED_SELECTOR = YES;
				GCC_WARN_UNINITIALIZED_AUTOS = YES_AGGRESSIVE;
				GCC_WARN_UNUSED_FUNCTION = YES;
				GCC_WARN_UNUSED_VARIABLE = YES;
				MACOSX_DEPLOYMENT_TARGET = 10.15;
				MTL_ENABLE_DEBUG_INFO = NO;
				MTL_FAST_MATH = YES;
				SDKROOT = macosx;
				SWIFT_COMPILATION_MODE = wholemodule;
				SWIFT_OPTIMIZATION_LEVEL = "-O";
			};
			name = Release;
		};
		FACD901D246FFA2E00BBE15E /* Debug */ = {
			isa = XCBuildConfiguration;
			buildSettings = {
				ASSETCATALOG_COMPILER_APPICON_NAME = AppIcon;
				CODE_SIGN_ENTITLEMENTS = PodPlayer/PodPlayer.entitlements;
				CODE_SIGN_STYLE = Automatic;
				COMBINE_HIDPI_IMAGES = YES;
				INFOPLIST_FILE = PodPlayer/Info.plist;
				LD_RUNPATH_SEARCH_PATHS = (
					"$(inherited)",
					"@executable_path/../Frameworks",
				);
				PRODUCT_BUNDLE_IDENTIFIER = ee.alexn.PodPlayer;
				PRODUCT_NAME = "$(TARGET_NAME)";
				SWIFT_VERSION = 5.0;
			};
			name = Debug;
		};
		FACD901E246FFA2E00BBE15E /* Release */ = {
			isa = XCBuildConfiguration;
			buildSettings = {
				ASSETCATALOG_COMPILER_APPICON_NAME = AppIcon;
				CODE_SIGN_ENTITLEMENTS = PodPlayer/PodPlayer.entitlements;
				CODE_SIGN_STYLE = Automatic;
				COMBINE_HIDPI_IMAGES = YES;
				INFOPLIST_FILE = PodPlayer/Info.plist;
				LD_RUNPATH_SEARCH_PATHS = (
					"$(inherited)",
					"@executable_path/../Frameworks",
				);
				PRODUCT_BUNDLE_IDENTIFIER = ee.alexn.PodPlayer;
				PRODUCT_NAME = "$(TARGET_NAME)";
				SWIFT_VERSION = 5.0;
			};
			name = Release;
		};
/* End XCBuildConfiguration section */

/* Begin XCConfigurationList section */
		FACD9004246FFA2A00BBE15E /* Build configuration list for PBXProject "PodPlayer" */ = {
			isa = XCConfigurationList;
			buildConfigurations = (
				FACD901A246FFA2E00BBE15E /* Debug */,
				FACD901B246FFA2E00BBE15E /* Release */,
			);
			defaultConfigurationIsVisible = 0;
			defaultConfigurationName = Release;
		};
		FACD901C246FFA2E00BBE15E /* Build configuration list for PBXNativeTarget "PodPlayer" */ = {
			isa = XCConfigurationList;
			buildConfigurations = (
				FACD901D246FFA2E00BBE15E /* Debug */,
				FACD901E246FFA2E00BBE15E /* Release */,
			);
			defaultConfigurationIsVisible = 0;
			defaultConfigurationName = Release;
		};
/* End XCConfigurationList section */

/* Begin XCVersionGroup section */
		FACD9010246FFA2A00BBE15E /* PodPlayer.xcdatamodeld */ = {
			isa = XCVersionGroup;
			children = (
				FACD9011246FFA2A00BBE15E /* PodPlayer.xcdatamodel */,
			);
			currentVersion = FACD9011246FFA2A00BBE15E /* PodPlayer.xcdatamodel */;
			path = PodPlayer.xcdatamodeld;
			sourceTree = "<group>";
			versionGroupType = wrapper.xcdatamodel;
		};
/* End XCVersionGroup section */
	};
	rootObject = FACD9001246FFA2A00BBE15E /* Project object */;
}
